// !$*UTF8*$!
{
	archiveVersion = 1;
	classes = {
	};
	objectVersion = 56;
	objects = {

/* Begin PBXBuildFile section */
		A7D13100299DF8AE00D29912 /* AppDelegate.swift in Sources */ = {isa = PBXBuildFile; fileRef = A7D130FF299DF8AE00D29912 /* AppDelegate.swift */; };
		A7D13102299DF8AE00D29912 /* SceneDelegate.swift in Sources */ = {isa = PBXBuildFile; fileRef = A7D13101299DF8AE00D29912 /* SceneDelegate.swift */; };
		A7D13104299DF8AE00D29912 /* ViewController.swift in Sources */ = {isa = PBXBuildFile; fileRef = A7D13103299DF8AE00D29912 /* ViewController.swift */; };
		A7D13107299DF8AE00D29912 /* Main.storyboard in Resources */ = {isa = PBXBuildFile; fileRef = A7D13105299DF8AE00D29912 /* Main.storyboard */; };
		A7D13109299DF8B000D29912 /* Assets.xcassets in Resources */ = {isa = PBXBuildFile; fileRef = A7D13108299DF8B000D29912 /* Assets.xcassets */; };
		A7D1310C299DF8B000D29912 /* LaunchScreen.storyboard in Resources */ = {isa = PBXBuildFile; fileRef = A7D1310A299DF8B000D29912 /* LaunchScreen.storyboard */; };
		A7D13117299DF8B100D29912 /* notesTests.swift in Sources */ = {isa = PBXBuildFile; fileRef = A7D13116299DF8B100D29912 /* notesTests.swift */; };
		A7D13121299DF8B100D29912 /* notesUITests.swift in Sources */ = {isa = PBXBuildFile; fileRef = A7D13120299DF8B100D29912 /* notesUITests.swift */; };
		A7D13123299DF8B100D29912 /* notesUITestsLaunchTests.swift in Sources */ = {isa = PBXBuildFile; fileRef = A7D13122299DF8B100D29912 /* notesUITestsLaunchTests.swift */; };
		A7D13130299DF90F00D29912 /* NotesViewController.swift in Sources */ = {isa = PBXBuildFile; fileRef = A7D1312F299DF90F00D29912 /* NotesViewController.swift */; };
		A7D13132299DFA4E00D29912 /* EntryViewController.swift in Sources */ = {isa = PBXBuildFile; fileRef = A7D13131299DFA4E00D29912 /* EntryViewController.swift */; };
/* End PBXBuildFile section */

/* Begin PBXContainerItemProxy section */
		A7D13113299DF8B100D29912 /* PBXContainerItemProxy */ = {
			isa = PBXContainerItemProxy;
			containerPortal = A7D130F4299DF8AE00D29912 /* Project object */;
			proxyType = 1;
			remoteGlobalIDString = A7D130FB299DF8AE00D29912;
			remoteInfo = notes;
		};
		A7D1311D299DF8B100D29912 /* PBXContainerItemProxy */ = {
			isa = PBXContainerItemProxy;
			containerPortal = A7D130F4299DF8AE00D29912 /* Project object */;
			proxyType = 1;
			remoteGlobalIDString = A7D130FB299DF8AE00D29912;
			remoteInfo = notes;
		};
/* End PBXContainerItemProxy section */

/* Begin PBXFileReference section */
		A7D130FC299DF8AE00D29912 /* notes.app */ = {isa = PBXFileReference; explicitFileType = wrapper.application; includeInIndex = 0; path = notes.app; sourceTree = BUILT_PRODUCTS_DIR; };
		A7D130FF299DF8AE00D29912 /* AppDelegate.swift */ = {isa = PBXFileReference; lastKnownFileType = sourcecode.swift; path = AppDelegate.swift; sourceTree = "<group>"; };
		A7D13101299DF8AE00D29912 /* SceneDelegate.swift */ = {isa = PBXFileReference; lastKnownFileType = sourcecode.swift; path = SceneDelegate.swift; sourceTree = "<group>"; };
		A7D13103299DF8AE00D29912 /* ViewController.swift */ = {isa = PBXFileReference; lastKnownFileType = sourcecode.swift; path = ViewController.swift; sourceTree = "<group>"; };
		A7D13106299DF8AE00D29912 /* Base */ = {isa = PBXFileReference; lastKnownFileType = file.storyboard; name = Base; path = Base.lproj/Main.storyboard; sourceTree = "<group>"; };
		A7D13108299DF8B000D29912 /* Assets.xcassets */ = {isa = PBXFileReference; lastKnownFileType = folder.assetcatalog; path = Assets.xcassets; sourceTree = "<group>"; };
		A7D1310B299DF8B000D29912 /* Base */ = {isa = PBXFileReference; lastKnownFileType = file.storyboard; name = Base; path = Base.lproj/LaunchScreen.storyboard; sourceTree = "<group>"; };
		A7D1310D299DF8B000D29912 /* Info.plist */ = {isa = PBXFileReference; lastKnownFileType = text.plist.xml; path = Info.plist; sourceTree = "<group>"; };
		A7D13112299DF8B100D29912 /* notesTests.xctest */ = {isa = PBXFileReference; explicitFileType = wrapper.cfbundle; includeInIndex = 0; path = notesTests.xctest; sourceTree = BUILT_PRODUCTS_DIR; };
		A7D13116299DF8B100D29912 /* notesTests.swift */ = {isa = PBXFileReference; lastKnownFileType = sourcecode.swift; path = notesTests.swift; sourceTree = "<group>"; };
		A7D1311C299DF8B100D29912 /* notesUITests.xctest */ = {isa = PBXFileReference; explicitFileType = wrapper.cfbundle; includeInIndex = 0; path = notesUITests.xctest; sourceTree = BUILT_PRODUCTS_DIR; };
		A7D13120299DF8B100D29912 /* notesUITests.swift */ = {isa = PBXFileReference; lastKnownFileType = sourcecode.swift; path = notesUITests.swift; sourceTree = "<group>"; };
		A7D13122299DF8B100D29912 /* notesUITestsLaunchTests.swift */ = {isa = PBXFileReference; lastKnownFileType = sourcecode.swift; path = notesUITestsLaunchTests.swift; sourceTree = "<group>"; };
		A7D1312F299DF90F00D29912 /* NotesViewController.swift */ = {isa = PBXFileReference; lastKnownFileType = sourcecode.swift; path = NotesViewController.swift; sourceTree = "<group>"; };
		A7D13131299DFA4E00D29912 /* EntryViewController.swift */ = {isa = PBXFileReference; lastKnownFileType = sourcecode.swift; path = EntryViewController.swift; sourceTree = "<group>"; };
/* End PBXFileReference section */

/* Begin PBXFrameworksBuildPhase section */
		A7D130F9299DF8AE00D29912 /* Frameworks */ = {
			isa = PBXFrameworksBuildPhase;
			buildActionMask = 2147483647;
			files = (
			);
			runOnlyForDeploymentPostprocessing = 0;
		};
		A7D1310F299DF8B100D29912 /* Frameworks */ = {
			isa = PBXFrameworksBuildPhase;
			buildActionMask = 2147483647;
			files = (
			);
			runOnlyForDeploymentPostprocessing = 0;
		};
		A7D13119299DF8B100D29912 /* Frameworks */ = {
			isa = PBXFrameworksBuildPhase;
			buildActionMask = 2147483647;
			files = (
			);
			runOnlyForDeploymentPostprocessing = 0;
		};
/* End PBXFrameworksBuildPhase section */

/* Begin PBXGroup section */
		A7D130F3299DF8AE00D29912 = {
			isa = PBXGroup;
			children = (
				A7D130FE299DF8AE00D29912 /* notes */,
				A7D13115299DF8B100D29912 /* notesTests */,
				A7D1311F299DF8B100D29912 /* notesUITests */,
				A7D130FD299DF8AE00D29912 /* Products */,
			);
			sourceTree = "<group>";
		};
		A7D130FD299DF8AE00D29912 /* Products */ = {
			isa = PBXGroup;
			children = (
				A7D130FC299DF8AE00D29912 /* notes.app */,
				A7D13112299DF8B100D29912 /* notesTests.xctest */,
				A7D1311C299DF8B100D29912 /* notesUITests.xctest */,
			);
			name = Products;
			sourceTree = "<group>";
		};
		A7D130FE299DF8AE00D29912 /* notes */ = {
			isa = PBXGroup;
			children = (
				A7D130FF299DF8AE00D29912 /* AppDelegate.swift */,
				A7D13101299DF8AE00D29912 /* SceneDelegate.swift */,
				A7D13103299DF8AE00D29912 /* ViewController.swift */,
				A7D13105299DF8AE00D29912 /* Main.storyboard */,
				A7D13108299DF8B000D29912 /* Assets.xcassets */,
				A7D1310A299DF8B000D29912 /* LaunchScreen.storyboard */,
				A7D1310D299DF8B000D29912 /* Info.plist */,
				A7D1312F299DF90F00D29912 /* NotesViewController.swift */,
				A7D13131299DFA4E00D29912 /* EntryViewController.swift */,
			);
			path = notes;
			sourceTree = "<group>";
		};
		A7D13115299DF8B100D29912 /* notesTests */ = {
			isa = PBXGroup;
			children = (
				A7D13116299DF8B100D29912 /* notesTests.swift */,
			);
			path = notesTests;
			sourceTree = "<group>";
		};
		A7D1311F299DF8B100D29912 /* notesUITests */ = {
			isa = PBXGroup;
			children = (
				A7D13120299DF8B100D29912 /* notesUITests.swift */,
				A7D13122299DF8B100D29912 /* notesUITestsLaunchTests.swift */,
			);
			path = notesUITests;
			sourceTree = "<group>";
		};
/* End PBXGroup section */

/* Begin PBXNativeTarget section */
		A7D130FB299DF8AE00D29912 /* notes */ = {
			isa = PBXNativeTarget;
			buildConfigurationList = A7D13126299DF8B100D29912 /* Build configuration list for PBXNativeTarget "notes" */;
			buildPhases = (
				A7D130F8299DF8AE00D29912 /* Sources */,
				A7D130F9299DF8AE00D29912 /* Frameworks */,
				A7D130FA299DF8AE00D29912 /* Resources */,
			);
			buildRules = (
			);
			dependencies = (
			);
			name = notes;
			productName = notes;
			productReference = A7D130FC299DF8AE00D29912 /* notes.app */;
			productType = "com.apple.product-type.application";
		};
		A7D13111299DF8B100D29912 /* notesTests */ = {
			isa = PBXNativeTarget;
			buildConfigurationList = A7D13129299DF8B100D29912 /* Build configuration list for PBXNativeTarget "notesTests" */;
			buildPhases = (
				A7D1310E299DF8B100D29912 /* Sources */,
				A7D1310F299DF8B100D29912 /* Frameworks */,
				A7D13110299DF8B100D29912 /* Resources */,
			);
			buildRules = (
			);
			dependencies = (
				A7D13114299DF8B100D29912 /* PBXTargetDependency */,
			);
			name = notesTests;
			productName = notesTests;
			productReference = A7D13112299DF8B100D29912 /* notesTests.xctest */;
			productType = "com.apple.product-type.bundle.unit-test";
		};
		A7D1311B299DF8B100D29912 /* notesUITests */ = {
			isa = PBXNativeTarget;
			buildConfigurationList = A7D1312C299DF8B100D29912 /* Build configuration list for PBXNativeTarget "notesUITests" */;
			buildPhases = (
				A7D13118299DF8B100D29912 /* Sources */,
				A7D13119299DF8B100D29912 /* Frameworks */,
				A7D1311A299DF8B100D29912 /* Resources */,
			);
			buildRules = (
			);
			dependencies = (
				A7D1311E299DF8B100D29912 /* PBXTargetDependency */,
			);
			name = notesUITests;
			productName = notesUITests;
			productReference = A7D1311C299DF8B100D29912 /* notesUITests.xctest */;
			productType = "com.apple.product-type.bundle.ui-testing";
		};
/* End PBXNativeTarget section */

/* Begin PBXProject section */
		A7D130F4299DF8AE00D29912 /* Project object */ = {
			isa = PBXProject;
			attributes = {
				BuildIndependentTargetsInParallel = 1;
				LastSwiftUpdateCheck = 1420;
				LastUpgradeCheck = 1420;
				TargetAttributes = {
					A7D130FB299DF8AE00D29912 = {
						CreatedOnToolsVersion = 14.2;
					};
					A7D13111299DF8B100D29912 = {
						CreatedOnToolsVersion = 14.2;
						TestTargetID = A7D130FB299DF8AE00D29912;
					};
					A7D1311B299DF8B100D29912 = {
						CreatedOnToolsVersion = 14.2;
						TestTargetID = A7D130FB299DF8AE00D29912;
					};
				};
			};
			buildConfigurationList = A7D130F7299DF8AE00D29912 /* Build configuration list for PBXProject "notes" */;
			compatibilityVersion = "Xcode 14.0";
			developmentRegion = en;
			hasScannedForEncodings = 0;
			knownRegions = (
				en,
				Base,
			);
			mainGroup = A7D130F3299DF8AE00D29912;
			productRefGroup = A7D130FD299DF8AE00D29912 /* Products */;
			projectDirPath = "";
			projectRoot = "";
			targets = (
				A7D130FB299DF8AE00D29912 /* notes */,
				A7D13111299DF8B100D29912 /* notesTests */,
				A7D1311B299DF8B100D29912 /* notesUITests */,
			);
		};
/* End PBXProject section */

/* Begin PBXResourcesBuildPhase section */
		A7D130FA299DF8AE00D29912 /* Resources */ = {
			isa = PBXResourcesBuildPhase;
			buildActionMask = 2147483647;
			files = (
				A7D1310C299DF8B000D29912 /* LaunchScreen.storyboard in Resources */,
				A7D13109299DF8B000D29912 /* Assets.xcassets in Resources */,
				A7D13107299DF8AE00D29912 /* Main.storyboard in Resources */,
			);
			runOnlyForDeploymentPostprocessing = 0;
		};
		A7D13110299DF8B100D29912 /* Resources */ = {
			isa = PBXResourcesBuildPhase;
			buildActionMask = 2147483647;
			files = (
			);
			runOnlyForDeploymentPostprocessing = 0;
		};
		A7D1311A299DF8B100D29912 /* Resources */ = {
			isa = PBXResourcesBuildPhase;
			buildActionMask = 2147483647;
			files = (
			);
			runOnlyForDeploymentPostprocessing = 0;
		};
/* End PBXResourcesBuildPhase section */

/* Begin PBXSourcesBuildPhase section */
		A7D130F8299DF8AE00D29912 /* Sources */ = {
			isa = PBXSourcesBuildPhase;
			buildActionMask = 2147483647;
			files = (
				A7D13130299DF90F00D29912 /* NotesViewController.swift in Sources */,
				A7D13132299DFA4E00D29912 /* EntryViewController.swift in Sources */,
				A7D13104299DF8AE00D29912 /* ViewController.swift in Sources */,
				A7D13100299DF8AE00D29912 /* AppDelegate.swift in Sources */,
				A7D13102299DF8AE00D29912 /* SceneDelegate.swift in Sources */,
			);
			runOnlyForDeploymentPostprocessing = 0;
		};
		A7D1310E299DF8B100D29912 /* Sources */ = {
			isa = PBXSourcesBuildPhase;
			buildActionMask = 2147483647;
			files = (
				A7D13117299DF8B100D29912 /* notesTests.swift in Sources */,
			);
			runOnlyForDeploymentPostprocessing = 0;
		};
		A7D13118299DF8B100D29912 /* Sources */ = {
			isa = PBXSourcesBuildPhase;
			buildActionMask = 2147483647;
			files = (
				A7D13123299DF8B100D29912 /* notesUITestsLaunchTests.swift in Sources */,
				A7D13121299DF8B100D29912 /* notesUITests.swift in Sources */,
			);
			runOnlyForDeploymentPostprocessing = 0;
		};
/* End PBXSourcesBuildPhase section */

/* Begin PBXTargetDependency section */
		A7D13114299DF8B100D29912 /* PBXTargetDependency */ = {
			isa = PBXTargetDependency;
			target = A7D130FB299DF8AE00D29912 /* notes */;
			targetProxy = A7D13113299DF8B100D29912 /* PBXContainerItemProxy */;
		};
		A7D1311E299DF8B100D29912 /* PBXTargetDependency */ = {
			isa = PBXTargetDependency;
			target = A7D130FB299DF8AE00D29912 /* notes */;
			targetProxy = A7D1311D299DF8B100D29912 /* PBXContainerItemProxy */;
		};
/* End PBXTargetDependency section */

/* Begin PBXVariantGroup section */
		A7D13105299DF8AE00D29912 /* Main.storyboard */ = {
			isa = PBXVariantGroup;
			children = (
				A7D13106299DF8AE00D29912 /* Base */,
			);
			name = Main.storyboard;
			sourceTree = "<group>";
		};
		A7D1310A299DF8B000D29912 /* LaunchScreen.storyboard */ = {
			isa = PBXVariantGroup;
			children = (
				A7D1310B299DF8B000D29912 /* Base */,
			);
			name = LaunchScreen.storyboard;
			sourceTree = "<group>";
		};
/* End PBXVariantGroup section */

/* Begin XCBuildConfiguration section */
		A7D13124299DF8B100D29912 /* Debug */ = {
			isa = XCBuildConfiguration;
			buildSettings = {
				ALWAYS_SEARCH_USER_PATHS = NO;
				CLANG_ANALYZER_NONNULL = YES;
				CLANG_ANALYZER_NUMBER_OBJECT_CONVERSION = YES_AGGRESSIVE;
				CLANG_CXX_LANGUAGE_STANDARD = "gnu++20";
				CLANG_ENABLE_MODULES = YES;
				CLANG_ENABLE_OBJC_ARC = YES;
				CLANG_ENABLE_OBJC_WEAK = YES;
				CLANG_WARN_BLOCK_CAPTURE_AUTORELEASING = YES;
				CLANG_WARN_BOOL_CONVERSION = YES;
				CLANG_WARN_COMMA = YES;
				CLANG_WARN_CONSTANT_CONVERSION = YES;
				CLANG_WARN_DEPRECATED_OBJC_IMPLEMENTATIONS = YES;
				CLANG_WARN_DIRECT_OBJC_ISA_USAGE = YES_ERROR;
				CLANG_WARN_DOCUMENTATION_COMMENTS = YES;
				CLANG_WARN_EMPTY_BODY = YES;
				CLANG_WARN_ENUM_CONVERSION = YES;
				CLANG_WARN_INFINITE_RECURSION = YES;
				CLANG_WARN_INT_CONVERSION = YES;
				CLANG_WARN_NON_LITERAL_NULL_CONVERSION = YES;
				CLANG_WARN_OBJC_IMPLICIT_RETAIN_SELF = YES;
				CLANG_WARN_OBJC_LITERAL_CONVERSION = YES;
				CLANG_WARN_OBJC_ROOT_CLASS = YES_ERROR;
				CLANG_WARN_QUOTED_INCLUDE_IN_FRAMEWORK_HEADER = YES;
				CLANG_WARN_RANGE_LOOP_ANALYSIS = YES;
				CLANG_WARN_STRICT_PROTOTYPES = YES;
				CLANG_WARN_SUSPICIOUS_MOVE = YES;
				CLANG_WARN_UNGUARDED_AVAILABILITY = YES_AGGRESSIVE;
				CLANG_WARN_UNREACHABLE_CODE = YES;
				CLANG_WARN__DUPLICATE_METHOD_MATCH = YES;
				COPY_PHASE_STRIP = NO;
				DEBUG_INFORMATION_FORMAT = dwarf;
				ENABLE_STRICT_OBJC_MSGSEND = YES;
				ENABLE_TESTABILITY = YES;
				GCC_C_LANGUAGE_STANDARD = gnu11;
				GCC_DYNAMIC_NO_PIC = NO;
				GCC_NO_COMMON_BLOCKS = YES;
				GCC_OPTIMIZATION_LEVEL = 0;
				GCC_PREPROCESSOR_DEFINITIONS = (
					"DEBUG=1",
					"$(inherited)",
				);
				GCC_WARN_64_TO_32_BIT_CONVERSION = YES;
				GCC_WARN_ABOUT_RETURN_TYPE = YES_ERROR;
				GCC_WARN_UNDECLARED_SELECTOR = YES;
				GCC_WARN_UNINITIALIZED_AUTOS = YES_AGGRESSIVE;
				GCC_WARN_UNUSED_FUNCTION = YES;
				GCC_WARN_UNUSED_VARIABLE = YES;
				IPHONEOS_DEPLOYMENT_TARGET = 16.2;
				MTL_ENABLE_DEBUG_INFO = INCLUDE_SOURCE;
				MTL_FAST_MATH = YES;
				ONLY_ACTIVE_ARCH = YES;
				SDKROOT = iphoneos;
				SWIFT_ACTIVE_COMPILATION_CONDITIONS = DEBUG;
				SWIFT_OPTIMIZATION_LEVEL = "-Onone";
			};
			name = Debug;
		};
		A7D13125299DF8B100D29912 /* Release */ = {
			isa = XCBuildConfiguration;
			buildSettings = {
				ALWAYS_SEARCH_USER_PATHS = NO;
				CLANG_ANALYZER_NONNULL = YES;
				CLANG_ANALYZER_NUMBER_OBJECT_CONVERSION = YES_AGGRESSIVE;
				CLANG_CXX_LANGUAGE_STANDARD = "gnu++20";
				CLANG_ENABLE_MODULES = YES;
				CLANG_ENABLE_OBJC_ARC = YES;
				CLANG_ENABLE_OBJC_WEAK = YES;
				CLANG_WARN_BLOCK_CAPTURE_AUTORELEASING = YES;
				CLANG_WARN_BOOL_CONVERSION = YES;
				CLANG_WARN_COMMA = YES;
				CLANG_WARN_CONSTANT_CONVERSION = YES;
				CLANG_WARN_DEPRECATED_OBJC_IMPLEMENTATIONS = YES;
				CLANG_WARN_DIRECT_OBJC_ISA_USAGE = YES_ERROR;
				CLANG_WARN_DOCUMENTATION_COMMENTS = YES;
				CLANG_WARN_EMPTY_BODY = YES;
				CLANG_WARN_ENUM_CONVERSION = YES;
				CLANG_WARN_INFINITE_RECURSION = YES;
				CLANG_WARN_INT_CONVERSION = YES;
				CLANG_WARN_NON_LITERAL_NULL_CONVERSION = YES;
				CLANG_WARN_OBJC_IMPLICIT_RETAIN_SELF = YES;
				CLANG_WARN_OBJC_LITERAL_CONVERSION = YES;
				CLANG_WARN_OBJC_ROOT_CLASS = YES_ERROR;
				CLANG_WARN_QUOTED_INCLUDE_IN_FRAMEWORK_HEADER = YES;
				CLANG_WARN_RANGE_LOOP_ANALYSIS = YES;
				CLANG_WARN_STRICT_PROTOTYPES = YES;
				CLANG_WARN_SUSPICIOUS_MOVE = YES;
				CLANG_WARN_UNGUARDED_AVAILABILITY = YES_AGGRESSIVE;
				CLANG_WARN_UNREACHABLE_CODE = YES;
				CLANG_WARN__DUPLICATE_METHOD_MATCH = YES;
				COPY_PHASE_STRIP = NO;
				DEBUG_INFORMATION_FORMAT = "dwarf-with-dsym";
				ENABLE_NS_ASSERTIONS = NO;
				ENABLE_STRICT_OBJC_MSGSEND = YES;
				GCC_C_LANGUAGE_STANDARD = gnu11;
				GCC_NO_COMMON_BLOCKS = YES;
				GCC_WARN_64_TO_32_BIT_CONVERSION = YES;
				GCC_WARN_ABOUT_RETURN_TYPE = YES_ERROR;
				GCC_WARN_UNDECLARED_SELECTOR = YES;
				GCC_WARN_UNINITIALIZED_AUTOS = YES_AGGRESSIVE;
				GCC_WARN_UNUSED_FUNCTION = YES;
				GCC_WARN_UNUSED_VARIABLE = YES;
				IPHONEOS_DEPLOYMENT_TARGET = 16.2;
				MTL_ENABLE_DEBUG_INFO = NO;
				MTL_FAST_MATH = YES;
				SDKROOT = iphoneos;
				SWIFT_COMPILATION_MODE = wholemodule;
				SWIFT_OPTIMIZATION_LEVEL = "-O";
				VALIDATE_PRODUCT = YES;
			};
			name = Release;
		};
		A7D13127299DF8B100D29912 /* Debug */ = {
			isa = XCBuildConfiguration;
			buildSettings = {
				ASSETCATALOG_COMPILER_APPICON_NAME = AppIcon;
				ASSETCATALOG_COMPILER_GLOBAL_ACCENT_COLOR_NAME = AccentColor;
				CODE_SIGN_STYLE = Automatic;
				CURRENT_PROJECT_VERSION = 1;
				DEVELOPMENT_TEAM = V4268FG4XJ;
				GENERATE_INFOPLIST_FILE = YES;
				INFOPLIST_FILE = notes/Info.plist;
				INFOPLIST_KEY_UIApplicationSupportsIndirectInputEvents = YES;
				INFOPLIST_KEY_UILaunchStoryboardName = LaunchScreen;
				INFOPLIST_KEY_UIMainStoryboardFile = Main;
				INFOPLIST_KEY_UISupportedInterfaceOrientations_iPad = "UIInterfaceOrientationPortrait UIInterfaceOrientationPortraitUpsideDown UIInterfaceOrientationLandscapeLeft UIInterfaceOrientationLandscapeRight";
				INFOPLIST_KEY_UISupportedInterfaceOrientations_iPhone = "UIInterfaceOrientationPortrait UIInterfaceOrientationLandscapeLeft UIInterfaceOrientationLandscapeRight";
				LD_RUNPATH_SEARCH_PATHS = (
					"$(inherited)",
					"@executable_path/Frameworks",
				);
				MARKETING_VERSION = 1.0;
				PRODUCT_BUNDLE_IDENTIFIER = NolanLaake.notes;
				PRODUCT_NAME = "$(TARGET_NAME)";
				SWIFT_EMIT_LOC_STRINGS = YES;
				SWIFT_VERSION = 5.0;
				TARGETED_DEVICE_FAMILY = "1,2";
			};
			name = Debug;
		};
		A7D13128299DF8B100D29912 /* Release */ = {
			isa = XCBuildConfiguration;
			buildSettings = {
				ASSETCATALOG_COMPILER_APPICON_NAME = AppIcon;
				ASSETCATALOG_COMPILER_GLOBAL_ACCENT_COLOR_NAME = AccentColor;
				CODE_SIGN_STYLE = Automatic;
				CURRENT_PROJECT_VERSION = 1;
				DEVELOPMENT_TEAM = V4268FG4XJ;
				GENERATE_INFOPLIST_FILE = YES;
				INFOPLIST_FILE = notes/Info.plist;
				INFOPLIST_KEY_UIApplicationSupportsIndirectInputEvents = YES;
				INFOPLIST_KEY_UILaunchStoryboardName = LaunchScreen;
				INFOPLIST_KEY_UIMainStoryboardFile = Main;
				INFOPLIST_KEY_UISupportedInterfaceOrientations_iPad = "UIInterfaceOrientationPortrait UIInterfaceOrientationPortraitUpsideDown UIInterfaceOrientationLandscapeLeft UIInterfaceOrientationLandscapeRight";
				INFOPLIST_KEY_UISupportedInterfaceOrientations_iPhone = "UIInterfaceOrientationPortrait UIInterfaceOrientationLandscapeLeft UIInterfaceOrientationLandscapeRight";
				LD_RUNPATH_SEARCH_PATHS = (
					"$(inherited)",
					"@executable_path/Frameworks",
				);
				MARKETING_VERSION = 1.0;
				PRODUCT_BUNDLE_IDENTIFIER = NolanLaake.notes;
				PRODUCT_NAME = "$(TARGET_NAME)";
				SWIFT_EMIT_LOC_STRINGS = YES;
				SWIFT_VERSION = 5.0;
				TARGETED_DEVICE_FAMILY = "1,2";
			};
			name = Release;
		};
		A7D1312A299DF8B100D29912 /* Debug */ = {
			isa = XCBuildConfiguration;
			buildSettings = {
				ALWAYS_EMBED_SWIFT_STANDARD_LIBRARIES = YES;
				BUNDLE_LOADER = "$(TEST_HOST)";
				CODE_SIGN_STYLE = Automatic;
				CURRENT_PROJECT_VERSION = 1;
				DEVELOPMENT_TEAM = V4268FG4XJ;
				GENERATE_INFOPLIST_FILE = YES;
				IPHONEOS_DEPLOYMENT_TARGET = 16.2;
				MARKETING_VERSION = 1.0;
				PRODUCT_BUNDLE_IDENTIFIER = NolanLaake.notesTests;
				PRODUCT_NAME = "$(TARGET_NAME)";
				SWIFT_EMIT_LOC_STRINGS = NO;
				SWIFT_VERSION = 5.0;
				TARGETED_DEVICE_FAMILY = "1,2";
				TEST_HOST = "$(BUILT_PRODUCTS_DIR)/notes.app/$(BUNDLE_EXECUTABLE_FOLDER_PATH)/notes";
			};
			name = Debug;
		};
		A7D1312B299DF8B100D29912 /* Release */ = {
			isa = XCBuildConfiguration;
			buildSettings = {
				ALWAYS_EMBED_SWIFT_STANDARD_LIBRARIES = YES;
				BUNDLE_LOADER = "$(TEST_HOST)";
				CODE_SIGN_STYLE = Automatic;
				CURRENT_PROJECT_VERSION = 1;
				DEVELOPMENT_TEAM = V4268FG4XJ;
				GENERATE_INFOPLIST_FILE = YES;
				IPHONEOS_DEPLOYMENT_TARGET = 16.2;
				MARKETING_VERSION = 1.0;
				PRODUCT_BUNDLE_IDENTIFIER = NolanLaake.notesTests;
				PRODUCT_NAME = "$(TARGET_NAME)";
				SWIFT_EMIT_LOC_STRINGS = NO;
				SWIFT_VERSION = 5.0;
				TARGETED_DEVICE_FAMILY = "1,2";
				TEST_HOST = "$(BUILT_PRODUCTS_DIR)/notes.app/$(BUNDLE_EXECUTABLE_FOLDER_PATH)/notes";
			};
			name = Release;
		};
		A7D1312D299DF8B100D29912 /* Debug */ = {
			isa = XCBuildConfiguration;
			buildSettings = {
				ALWAYS_EMBED_SWIFT_STANDARD_LIBRARIES = YES;
				CODE_SIGN_STYLE = Automatic;
				CURRENT_PROJECT_VERSION = 1;
				DEVELOPMENT_TEAM = V4268FG4XJ;
				GENERATE_INFOPLIST_FILE = YES;
				MARKETING_VERSION = 1.0;
				PRODUCT_BUNDLE_IDENTIFIER = NolanLaake.notesUITests;
				PRODUCT_NAME = "$(TARGET_NAME)";
				SWIFT_EMIT_LOC_STRINGS = NO;
				SWIFT_VERSION = 5.0;
				TARGETED_DEVICE_FAMILY = "1,2";
				TEST_TARGET_NAME = notes;
			};
			name = Debug;
		};
		A7D1312E299DF8B100D29912 /* Release */ = {
			isa = XCBuildConfiguration;
			buildSettings = {
				ALWAYS_EMBED_SWIFT_STANDARD_LIBRARIES = YES;
				CODE_SIGN_STYLE = Automatic;
				CURRENT_PROJECT_VERSION = 1;
				DEVELOPMENT_TEAM = V4268FG4XJ;
				GENERATE_INFOPLIST_FILE = YES;
				MARKETING_VERSION = 1.0;
				PRODUCT_BUNDLE_IDENTIFIER = NolanLaake.notesUITests;
				PRODUCT_NAME = "$(TARGET_NAME)";
				SWIFT_EMIT_LOC_STRINGS = NO;
				SWIFT_VERSION = 5.0;
				TARGETED_DEVICE_FAMILY = "1,2";
				TEST_TARGET_NAME = notes;
			};
			name = Release;
		};
/* End XCBuildConfiguration section */

/* Begin XCConfigurationList section */
		A7D130F7299DF8AE00D29912 /* Build configuration list for PBXProject "notes" */ = {
			isa = XCConfigurationList;
			buildConfigurations = (
				A7D13124299DF8B100D29912 /* Debug */,
				A7D13125299DF8B100D29912 /* Release */,
			);
			defaultConfigurationIsVisible = 0;
			defaultConfigurationName = Release;
		};
		A7D13126299DF8B100D29912 /* Build configuration list for PBXNativeTarget "notes" */ = {
			isa = XCConfigurationList;
			buildConfigurations = (
				A7D13127299DF8B100D29912 /* Debug */,
				A7D13128299DF8B100D29912 /* Release */,
			);
			defaultConfigurationIsVisible = 0;
			defaultConfigurationName = Release;
		};
		A7D13129299DF8B100D29912 /* Build configuration list for PBXNativeTarget "notesTests" */ = {
			isa = XCConfigurationList;
			buildConfigurations = (
				A7D1312A299DF8B100D29912 /* Debug */,
				A7D1312B299DF8B100D29912 /* Release */,
			);
			defaultConfigurationIsVisible = 0;
			defaultConfigurationName = Release;
		};
		A7D1312C299DF8B100D29912 /* Build configuration list for PBXNativeTarget "notesUITests" */ = {
			isa = XCConfigurationList;
			buildConfigurations = (
				A7D1312D299DF8B100D29912 /* Debug */,
				A7D1312E299DF8B100D29912 /* Release */,
			);
			defaultConfigurationIsVisible = 0;
			defaultConfigurationName = Release;
		};
/* End XCConfigurationList section */
	};
	rootObject = A7D130F4299DF8AE00D29912 /* Project object */;
}
